PODS:
  - AlertHelper (0.1.4):
    - MasonryFlow
  - MasonryFlow (0.0.1)

DEPENDENCIES:
  - AlertHelper (from `../`)

SPEC REPOS:
  https://github.com/SunnyXG/MasonryFlow.git:
    - MasonryFlow

EXTERNAL SOURCES:
  AlertHelper:
    :path: "../"

SPEC CHECKSUMS:
  AlertHelper: db2ebcfe15a8a4ab1b1ce1a01e169abcd31393c1
  MasonryFlow: c2f257c75f74b410c684d8935cf1266981087062

PODFILE CHECKSUM: 8ca7ad28c51efbe8ac9d94f3b8d4136825c88e08

COCOAPODS: 1.8.4
