PODS:
  - AlertHelper (0.1.0):
    - Masonry (~> 1.1.0)
  - Masonry (1.1.0)

DEPENDENCIES:
  - AlertHelper (from `../`)

SPEC REPOS:
  https://github.com/cocoapods/specs.git:
    - Masonry

EXTERNAL SOURCES:
  AlertHelper:
    :path: "../"

SPEC CHECKSUMS:
  AlertHelper: f5229274a865440dc9f6ae526dcde57d5b3dd78b
  Masonry: 678fab65091a9290e40e2832a55e7ab731aad201

PODFILE CHECKSUM: 492db059356557811a1088f4054509cfb5627a4b

COCOAPODS: 1.5.3
