PODS:
  - AlertHelper (0.1.2):
    - Masonry (~> 1.1.0)
  - Masonry (1.1.0)

DEPENDENCIES:
  - AlertHelper (from `../`)

SPEC REPOS:
  https://github.com/cocoapods/specs.git:
    - Masonry

EXTERNAL SOURCES:
  AlertHelper:
    :path: "../"

SPEC CHECKSUMS:
  AlertHelper: 9fb1058eb3e3e595e81d61b2d1c33fe4d2357b47
  Masonry: 678fab65091a9290e40e2832a55e7ab731aad201

PODFILE CHECKSUM: 492db059356557811a1088f4054509cfb5627a4b

COCOAPODS: 1.5.3
